{
  "name": "mkpdfs-design",
  "version": "1.0.0",
  "lockfileVersion": 1,
  "requires": true,
  "dependencies": {
    "material-design-color": {
      "version": "2.3.2",
      "resolved": "https://registry.npmjs.org/material-design-color/-/material-design-color-2.3.2.tgz",
      "integrity": "sha1-6K+VjYUqh0e/shHkjOEoK9qRiBU=",
      "dev": true
    },
    "material-shadows": {
      "version": "3.0.1",
      "resolved": "https://registry.npmjs.org/material-shadows/-/material-shadows-3.0.1.tgz",
      "integrity": "sha1-WGrRKxZzYKjk6Je/dTDLaazqURA=",
      "dev": true
    },
    "modularscale-sass": {
      "version": "3.0.8",
      "resolved": "https://registry.npmjs.org/modularscale-sass/-/modularscale-sass-3.0.8.tgz",
      "integrity": "sha512-NOO6NLXPiVG8T/ZkXImxSj1YtvzF37suAGxc9ty0pmQrU998fmJqR6kNqs+HmFqOjeCRJ3roBfA9Arohta2sBQ==",
      "dev": true
    }
  }
}
